
Microsoft Visual Studio Solution File, Format Version 12.00
# Visual Studio 15
VisualStudioVersion = 15.0.28307.106
MinimumVisualStudioVersion = 10.0.40219.1
Project("{FAE04EC0-301F-11D3-BF4B-00C04F79EFBC}") = "ChatServer", "ChatServer\ChatServer.csproj", "{24CD34EE-92CA-4EB5-81A1-DDCD64DC70BA}"
EndProject
Global
	GlobalSection(SolutionConfigurationPlatforms) = preSolution
		Debug|Any CPU = Debug|Any CPU
		Release|Any CPU = Release|Any CPU
	EndGlobalSection
	GlobalSection(ProjectConfigurationPlatforms) = postSolution
		{24CD34EE-92CA-4EB5-81A1-DDCD64DC70BA}.Debug|Any CPU.ActiveCfg = Debug|Any CPU
		{24CD34EE-92CA-4EB5-81A1-DDCD64DC70BA}.Debug|Any CPU.Build.0 = Debug|Any CPU
		{24CD34EE-92CA-4EB5-81A1-DDCD64DC70BA}.Release|Any CPU.ActiveCfg = Release|Any CPU
		{24CD34EE-92CA-4EB5-81A1-DDCD64DC70BA}.Release|Any CPU.Build.0 = Release|Any CPU
	EndGlobalSection
	GlobalSection(SolutionProperties) = preSolution
		HideSolutionNode = FALSE
	EndGlobalSection
	GlobalSection(ExtensibilityGlobals) = postSolution
		SolutionGuid = {0441B857-0B8F-405B-9F3C-7C6BB1B7C98E}
	EndGlobalSection
EndGlobal
